// !$*UTF8*$!
{
	archiveVersion = 1;
	objectVersion = 42;
	objects = {
		CA602846E240FA2F7F7B573E = {
			isa = PBXGroup;
			children = (
				CA60BA8367406B44554EE9EE,
CA60B14C2D07DFFA7620260E,

			);
			sourceTree = "<group>";
		};

		
		CA603D1D1FC8256B5833F07B /* bin */ = {
			isa = PBXFileReference;
			explicitFileType = "compiled.mach-o.executable";
			includeInIndex = 0;
			name = alacritty;
			sourceTree = BUILT_PRODUCTS_DIR;
		};CA60F2703AE7C85A728E823D /* alacritty-bin */ = {
			isa = PBXNativeTarget;
			buildConfigurationList = CA60B1C57D2B0F66DA29AB01;
			buildPhases = (
				CA60CCFF1835AB2D3BF55CFC
			);
			buildRules = (
			);
			dependencies = (
				CA608E5CCDB52E9A1200E7D7
			);
			name = "alacritty-bin";
			productName = "alacritty";
			productReference = CA603D1D1FC8256B5833F07B;
			productType = "com.apple.product-type.tool";
		};
		CA603FACDE2863B3D2365995 = {
			isa = PBXAggregateTarget;
			buildConfigurationList = CA600E4950F77CD091ACBABB;
			buildPhases = (
				CA605391D7A5C9485E1D2827
			);
			dependencies = (
			);
			name = Cargo;
			productName = Cargo;
		};
			CA60CCFF1835AB2D3BF55CFC = {
					isa = PBXShellScriptBuildPhase;
					buildActionMask = 2147483647;
					name = "Copy files (alacritty)";
					files = (
					);
					inputFileListPaths = (
					);
					inputPaths = (
						"$(CARGO_XCODE_PRODUCTS_DIR)/alacritty",
					);
					outputFileListPaths = (
					);
					outputPaths = (
						"$(BUILT_PRODUCTS_DIR)/alacritty",
					);
					runOnlyForDeploymentPostprocessing = 0;
					shellPath = /bin/sh;
					shellScript = "ln -f \"${CARGO_XCODE_PRODUCTS_DIR}/alacritty\" \"${BUILT_PRODUCTS_DIR}/\"";
				};
				
		CA60B1C57D2B0F66DA29AB01 /* bin */ = {
			isa = XCConfigurationList;
			buildConfigurations = (
				CA6084BDE501823061ECF72B /* Release */,
				CA60010BEEDE678C57A451D8 /* Debug */,
			);
			defaultConfigurationIsVisible = 0;
			defaultConfigurationName = Release;
		};
			CA6084BDE501823061ECF72B /* bin */ = {
				isa = XCBuildConfiguration;
				buildSettings = {
					PRODUCT_NAME = "alacritty";
					
				};
				name = Release;
			};
			CA60010BEEDE678C57A451D8 /* bin */ = {
				isa = XCBuildConfiguration;
				buildSettings = {
					PRODUCT_NAME = "alacritty";
					
				};
				name = Debug;
			};CA605391D7A5C9485E1D2827 = {
				isa = PBXShellScriptBuildPhase;
				buildActionMask = 2147483647;
				name = "Cargo build";
				files = (
				);
				inputFileListPaths = (
				);
				inputPaths = (
					"$(SRCROOT)/Cargo.toml"
				);
				outputFileListPaths = (
				);
				outputPaths = (
				);
				runOnlyForDeploymentPostprocessing = 0;
				shellPath = /bin/bash;
				shellScript = "set -e; export PATH=$PATH:~/.cargo/bin:/usr/local/bin;
if [ \"$ACTION\" = \"clean\" ]; then
	cargo clean;
else
	cargo build $CARGO_FLAGS;
fi
";
		};
			
				CA60BA8367406B44554EE9EE /* Cargo.toml */ = {
					isa = PBXFileReference;
					lastKnownFileType = "sourcecode.text-based-dylib-definition";
					fileEncoding = 4;
					path = Cargo.toml;
					sourceTree = "<group>";
			};

		CA60B14C2D07DFFA7620260E = {
			isa = PBXGroup;
			children = (
				CA603D1D1FC8256B5833F07B,

			);
			name = Products;
			sourceTree = "<group>";
		};

		CA6006EAF0A563F2C05D7786 = {
			isa = PBXContainerItemProxy;
			containerPortal = CA609E02345068F123C373C8;
			proxyType = 1;
			remoteGlobalIDString = CA603FACDE2863B3D2365995;
			remoteInfo = Cargo;
		};

		CA608E5CCDB52E9A1200E7D7 = {
			isa = PBXTargetDependency;
			target = CA603FACDE2863B3D2365995;
			targetProxy = CA6006EAF0A563F2C05D7786;
		};

		CA600E4950F77CD091ACBABB = {
			isa = XCConfigurationList;
			buildConfigurations = (
				CA60CD82BCA6D3D773CA43C1 /* Release */,
				CA60E7B349C5C39F545FE462 /* Debug */,
			);
			defaultConfigurationIsVisible = 0;
			defaultConfigurationName = Release;
		};

		CA60CD82BCA6D3D773CA43C1 = {
			isa = XCBuildConfiguration;
			buildSettings = {
				CARGO_TARGET_DIR = "$(BUILD_DIR)/cargo-target"; /* for cargo */
				CARGO_XCODE_PRODUCTS_DIR = "$(BUILD_DIR)/cargo-target/release"; /* for xcode scripts */
				CARGO_FLAGS = "--release";
				ARCHS = "$(NATIVE_ARCH_ACTUAL)";
				ONLY_ACTIVE_ARCH = YES;
				SDKROOT = macosx;
				PRODUCT_NAME = "alacritty";
			};
			name = Release;
		};

		CA60E7B349C5C39F545FE462 = {
			isa = XCBuildConfiguration;
			buildSettings = {
				CARGO_TARGET_DIR = "$(BUILD_DIR)/cargo-target";
				CARGO_XCODE_PRODUCTS_DIR = "$(BUILD_DIR)/cargo-target/debug";
				CARGO_FLAGS = "";
				ARCHS = "$(NATIVE_ARCH_ACTUAL)";
				ONLY_ACTIVE_ARCH = YES;
				SDKROOT = macosx;
				PRODUCT_NAME = "alacritty";
			};
			name = Debug;
		};

		CA609E02345068F123C373C8 = {
			isa = PBXProject;
			attributes = {
				LastUpgradeCheck = 0920;
				TargetAttributes = {
					CA60F2703AE7C85A728E823D = {
						CreatedOnToolsVersion = 9.2;
						ProvisioningStyle = Automatic;
					};
					CA603FACDE2863B3D2365995 = {
						CreatedOnToolsVersion = 9.2;
						ProvisioningStyle = Automatic;
					};
					                };
			};
			buildConfigurationList = CA600E4950F77CD091ACBABB;
			compatibilityVersion = "Xcode 8.0";
			mainGroup = CA602846E240FA2F7F7B573E;
			productRefGroup = CA60B14C2D07DFFA7620260E;
			projectDirPath = "";
			projectRoot = "";
			targets = (
				CA60F2703AE7C85A728E823D,
CA603FACDE2863B3D2365995,

			);
		};
	};
	rootObject = CA609E02345068F123C373C8;
}
	